
Microsoft Visual Studio Solution File, Format Version 12.00
# Visual Studio Version 17
VisualStudioVersion = 17.10.35027.167
MinimumVisualStudioVersion = 10.0.40219.1
Project("{FAE04EC0-301F-11D3-BF4B-00C04F79EFBC}") = "WebApplication1", "WebApplication1\WebApplication1.csproj", "{E544EABC-4B6C-4CD8-846F-EADD2CAD12F3}"
EndProject
Global
	GlobalSection(SolutionConfigurationPlatforms) = preSolution
		Debug|Any CPU = Debug|Any CPU
		Release|Any CPU = Release|Any CPU
	EndGlobalSection
	GlobalSection(ProjectConfigurationPlatforms) = postSolution
		{E544EABC-4B6C-4CD8-846F-EADD2CAD12F3}.Debug|Any CPU.ActiveCfg = Debug|Any CPU
		{E544EABC-4B6C-4CD8-846F-EADD2CAD12F3}.Debug|Any CPU.Build.0 = Debug|Any CPU
		{E544EABC-4B6C-4CD8-846F-EADD2CAD12F3}.Release|Any CPU.ActiveCfg = Release|Any CPU
		{E544EABC-4B6C-4CD8-846F-EADD2CAD12F3}.Release|Any CPU.Build.0 = Release|Any CPU
	EndGlobalSection
	GlobalSection(SolutionProperties) = preSolution
		HideSolutionNode = FALSE
	EndGlobalSection
	GlobalSection(ExtensibilityGlobals) = postSolution
		SolutionGuid = {A83B44CE-535B-497D-AA1B-0C6F45E47FA8}
	EndGlobalSection
EndGlobal
